
Microsoft Visual Studio Solution File, Format Version 12.00
# Visual Studio Version 16
VisualStudioVersion = 16.0.33927.289
MinimumVisualStudioVersion = 10.0.40219.1
Project("{888888A0-9F3D-457C-B088-3A5042F75D52}") = "python_week1", "python_week1\python_week1.pyproj", "{1B538290-0D7B-4DC6-8673-F5981030D79C}"
EndProject
Global
	GlobalSection(SolutionConfigurationPlatforms) = preSolution
		Debug|Any CPU = Debug|Any CPU
		Release|Any CPU = Release|Any CPU
	EndGlobalSection
	GlobalSection(ProjectConfigurationPlatforms) = postSolution
		{1B538290-0D7B-4DC6-8673-F5981030D79C}.Debug|Any CPU.ActiveCfg = Debug|Any CPU
		{1B538290-0D7B-4DC6-8673-F5981030D79C}.Release|Any CPU.ActiveCfg = Release|Any CPU
	EndGlobalSection
	GlobalSection(SolutionProperties) = preSolution
		HideSolutionNode = FALSE
	EndGlobalSection
	GlobalSection(ExtensibilityGlobals) = postSolution
		SolutionGuid = {A0BE680E-FD71-494E-95B9-187A4EB077C3}
	EndGlobalSection
EndGlobal
